
Microsoft Visual Studio Solution File, Format Version 12.00
# Visual Studio 15
VisualStudioVersion = 15.0.26430.16
MinimumVisualStudioVersion = 10.0.40219.1
Project("{FAE04EC0-301F-11D3-BF4B-00C04F79EFBC}") = "Fiddle.UI", "Fiddle.UI\Fiddle.UI.csproj", "{BFA22E61-7A45-434A-8BFD-97D0A45F84A3}"
EndProject
Project("{FAE04EC0-301F-11D3-BF4B-00C04F79EFBC}") = "Fiddle.Compilers", "Fiddle.Compilers\Fiddle.Compilers.csproj", "{95C5B726-132C-4E8E-B291-0114657499A3}"
EndProject
Project("{8BC9CEB8-8B4A-11D0-8D11-00A0C91BC942}") = "ClangCompiler", "ClangCompiler\ClangCompiler.vcxproj", "{2A0DC71E-783B-4954-8809-EFDC87800C16}"
EndProject
Global
	GlobalSection(SolutionConfigurationPlatforms) = preSolution
		Debug|Any CPU = Debug|Any CPU
		Debug|x64 = Debug|x64
		Debug|x86 = Debug|x86
		Release|Any CPU = Release|Any CPU
		Release|x64 = Release|x64
		Release|x86 = Release|x86
	EndGlobalSection
	GlobalSection(ProjectConfigurationPlatforms) = postSolution
		{BFA22E61-7A45-434A-8BFD-97D0A45F84A3}.Debug|Any CPU.ActiveCfg = Debug|Any CPU
		{BFA22E61-7A45-434A-8BFD-97D0A45F84A3}.Debug|Any CPU.Build.0 = Debug|Any CPU
		{BFA22E61-7A45-434A-8BFD-97D0A45F84A3}.Debug|x64.ActiveCfg = Debug|Any CPU
		{BFA22E61-7A45-434A-8BFD-97D0A45F84A3}.Debug|x64.Build.0 = Debug|Any CPU
		{BFA22E61-7A45-434A-8BFD-97D0A45F84A3}.Debug|x86.ActiveCfg = Debug|Any CPU
		{BFA22E61-7A45-434A-8BFD-97D0A45F84A3}.Debug|x86.Build.0 = Debug|Any CPU
		{BFA22E61-7A45-434A-8BFD-97D0A45F84A3}.Release|Any CPU.ActiveCfg = Release|Any CPU
		{BFA22E61-7A45-434A-8BFD-97D0A45F84A3}.Release|Any CPU.Build.0 = Release|Any CPU
		{BFA22E61-7A45-434A-8BFD-97D0A45F84A3}.Release|x64.ActiveCfg = Release|Any CPU
		{BFA22E61-7A45-434A-8BFD-97D0A45F84A3}.Release|x64.Build.0 = Release|Any CPU
		{BFA22E61-7A45-434A-8BFD-97D0A45F84A3}.Release|x86.ActiveCfg = Release|Any CPU
		{BFA22E61-7A45-434A-8BFD-97D0A45F84A3}.Release|x86.Build.0 = Release|Any CPU
		{95C5B726-132C-4E8E-B291-0114657499A3}.Debug|Any CPU.ActiveCfg = Debug|Any CPU
		{95C5B726-132C-4E8E-B291-0114657499A3}.Debug|Any CPU.Build.0 = Debug|Any CPU
		{95C5B726-132C-4E8E-B291-0114657499A3}.Debug|x64.ActiveCfg = Debug|Any CPU
		{95C5B726-132C-4E8E-B291-0114657499A3}.Debug|x64.Build.0 = Debug|Any CPU
		{95C5B726-132C-4E8E-B291-0114657499A3}.Debug|x86.ActiveCfg = Debug|Any CPU
		{95C5B726-132C-4E8E-B291-0114657499A3}.Debug|x86.Build.0 = Debug|Any CPU
		{95C5B726-132C-4E8E-B291-0114657499A3}.Release|Any CPU.ActiveCfg = Release|Any CPU
		{95C5B726-132C-4E8E-B291-0114657499A3}.Release|Any CPU.Build.0 = Release|Any CPU
		{95C5B726-132C-4E8E-B291-0114657499A3}.Release|x64.ActiveCfg = Release|Any CPU
		{95C5B726-132C-4E8E-B291-0114657499A3}.Release|x64.Build.0 = Release|Any CPU
		{95C5B726-132C-4E8E-B291-0114657499A3}.Release|x86.ActiveCfg = Release|Any CPU
		{95C5B726-132C-4E8E-B291-0114657499A3}.Release|x86.Build.0 = Release|Any CPU
		{2A0DC71E-783B-4954-8809-EFDC87800C16}.Debug|Any CPU.ActiveCfg = Debug|Win32
		{2A0DC71E-783B-4954-8809-EFDC87800C16}.Debug|x64.ActiveCfg = Debug|x64
		{2A0DC71E-783B-4954-8809-EFDC87800C16}.Debug|x64.Build.0 = Debug|x64
		{2A0DC71E-783B-4954-8809-EFDC87800C16}.Debug|x86.ActiveCfg = Debug|Win32
		{2A0DC71E-783B-4954-8809-EFDC87800C16}.Debug|x86.Build.0 = Debug|Win32
		{2A0DC71E-783B-4954-8809-EFDC87800C16}.Release|Any CPU.ActiveCfg = Release|Win32
		{2A0DC71E-783B-4954-8809-EFDC87800C16}.Release|x64.ActiveCfg = Release|x64
		{2A0DC71E-783B-4954-8809-EFDC87800C16}.Release|x64.Build.0 = Release|x64
		{2A0DC71E-783B-4954-8809-EFDC87800C16}.Release|x86.ActiveCfg = Release|Win32
		{2A0DC71E-783B-4954-8809-EFDC87800C16}.Release|x86.Build.0 = Release|Win32
	EndGlobalSection
	GlobalSection(SolutionProperties) = preSolution
		HideSolutionNode = FALSE
	EndGlobalSection
EndGlobal
